PODS:
  - FXKit (0.1):
    - FXKit/Category (= 0.1)
    - FXKit/Enhancement (= 0.1)
    - FXKit/Util (= 0.1)
  - FXKit/Category (0.1)
  - FXKit/Enhancement (0.1)
  - FXKit/Util (0.1)

DEPENDENCIES:
  - FXKit (from `../FXKit`)

EXTERNAL SOURCES:
  FXKit:
    :path: ../FXKit

SPEC CHECKSUMS:
  FXKit: 7b94a1393322e62993ad798012892f7d7968cb22

PODFILE CHECKSUM: d26043c9a83964ae22c5e019619f20001addd6dc

COCOAPODS: 1.3.1
